
Microsoft Visual Studio Solution File, Format Version 12.00
# Visual Studio Version 17
VisualStudioVersion = 17.2.32505.173
MinimumVisualStudioVersion = 10.0.40219.1
Project("{FAE04EC0-301F-11D3-BF4B-00C04F79EFBC}") = "MVVM_Quotes", "MVVM_Quotes\MVVM_Quotes.csproj", "{2442157D-3162-4AA1-A0DB-89415984469B}"
EndProject
Global
	GlobalSection(SolutionConfigurationPlatforms) = preSolution
		Debug|Any CPU = Debug|Any CPU
		Release|Any CPU = Release|Any CPU
	EndGlobalSection
	GlobalSection(ProjectConfigurationPlatforms) = postSolution
		{2442157D-3162-4AA1-A0DB-89415984469B}.Debug|Any CPU.ActiveCfg = Debug|Any CPU
		{2442157D-3162-4AA1-A0DB-89415984469B}.Debug|Any CPU.Build.0 = Debug|Any CPU
		{2442157D-3162-4AA1-A0DB-89415984469B}.Release|Any CPU.ActiveCfg = Release|Any CPU
		{2442157D-3162-4AA1-A0DB-89415984469B}.Release|Any CPU.Build.0 = Release|Any CPU
	EndGlobalSection
	GlobalSection(SolutionProperties) = preSolution
		HideSolutionNode = FALSE
	EndGlobalSection
	GlobalSection(ExtensibilityGlobals) = postSolution
		SolutionGuid = {D6E5A3D4-7405-4DBA-A953-F0EEB961C5C9}
	EndGlobalSection
EndGlobal
